// !$*UTF8*$!
{
	archiveVersion = 1;
	classes = {
	};
	objectVersion = 46;
	objects = {

/* Begin PBXBuildFile section */
		F4A230211C037B8B00378ADD /* AppDelegate.swift in Sources */ = {isa = PBXBuildFile; fileRef = F4A230201C037B8B00378ADD /* AppDelegate.swift */; };
		F4A230231C037B8B00378ADD /* ViewController.swift in Sources */ = {isa = PBXBuildFile; fileRef = F4A230221C037B8B00378ADD /* ViewController.swift */; };
		F4A230261C037B8B00378ADD /* Main.storyboard in Resources */ = {isa = PBXBuildFile; fileRef = F4A230241C037B8B00378ADD /* Main.storyboard */; };
		F4A230281C037B8B00378ADD /* Assets.xcassets in Resources */ = {isa = PBXBuildFile; fileRef = F4A230271C037B8B00378ADD /* Assets.xcassets */; };
		F4A2302B1C037B8B00378ADD /* LaunchScreen.storyboard in Resources */ = {isa = PBXBuildFile; fileRef = F4A230291C037B8B00378ADD /* LaunchScreen.storyboard */; };
		F4A230361C037B8B00378ADD /* Flick_FinderTests.swift in Sources */ = {isa = PBXBuildFile; fileRef = F4A230351C037B8B00378ADD /* Flick_FinderTests.swift */; };
		F4A230411C037B8B00378ADD /* Flick_FinderUITests.swift in Sources */ = {isa = PBXBuildFile; fileRef = F4A230401C037B8B00378ADD /* Flick_FinderUITests.swift */; };
/* End PBXBuildFile section */

/* Begin PBXContainerItemProxy section */
		F4A230321C037B8B00378ADD /* PBXContainerItemProxy */ = {
			isa = PBXContainerItemProxy;
			containerPortal = F4A230151C037B8A00378ADD /* Project object */;
			proxyType = 1;
			remoteGlobalIDString = F4A2301C1C037B8A00378ADD;
			remoteInfo = "Flick Finder";
		};
		F4A2303D1C037B8B00378ADD /* PBXContainerItemProxy */ = {
			isa = PBXContainerItemProxy;
			containerPortal = F4A230151C037B8A00378ADD /* Project object */;
			proxyType = 1;
			remoteGlobalIDString = F4A2301C1C037B8A00378ADD;
			remoteInfo = "Flick Finder";
		};
/* End PBXContainerItemProxy section */

/* Begin PBXFileReference section */
		F4A2301D1C037B8B00378ADD /* Flick Finder.app */ = {isa = PBXFileReference; explicitFileType = wrapper.application; includeInIndex = 0; path = "Flick Finder.app"; sourceTree = BUILT_PRODUCTS_DIR; };
		F4A230201C037B8B00378ADD /* AppDelegate.swift */ = {isa = PBXFileReference; lastKnownFileType = sourcecode.swift; path = AppDelegate.swift; sourceTree = "<group>"; };
		F4A230221C037B8B00378ADD /* ViewController.swift */ = {isa = PBXFileReference; lastKnownFileType = sourcecode.swift; path = ViewController.swift; sourceTree = "<group>"; };
		F4A230251C037B8B00378ADD /* Base */ = {isa = PBXFileReference; lastKnownFileType = file.storyboard; name = Base; path = Base.lproj/Main.storyboard; sourceTree = "<group>"; };
		F4A230271C037B8B00378ADD /* Assets.xcassets */ = {isa = PBXFileReference; lastKnownFileType = folder.assetcatalog; path = Assets.xcassets; sourceTree = "<group>"; };
		F4A2302A1C037B8B00378ADD /* Base */ = {isa = PBXFileReference; lastKnownFileType = file.storyboard; name = Base; path = Base.lproj/LaunchScreen.storyboard; sourceTree = "<group>"; };
		F4A2302C1C037B8B00378ADD /* Info.plist */ = {isa = PBXFileReference; lastKnownFileType = text.plist.xml; path = Info.plist; sourceTree = "<group>"; };
		F4A230311C037B8B00378ADD /* Flick FinderTests.xctest */ = {isa = PBXFileReference; explicitFileType = wrapper.cfbundle; includeInIndex = 0; path = "Flick FinderTests.xctest"; sourceTree = BUILT_PRODUCTS_DIR; };
		F4A230351C037B8B00378ADD /* Flick_FinderTests.swift */ = {isa = PBXFileReference; lastKnownFileType = sourcecode.swift; path = Flick_FinderTests.swift; sourceTree = "<group>"; };
		F4A230371C037B8B00378ADD /* Info.plist */ = {isa = PBXFileReference; lastKnownFileType = text.plist.xml; path = Info.plist; sourceTree = "<group>"; };
		F4A2303C1C037B8B00378ADD /* Flick FinderUITests.xctest */ = {isa = PBXFileReference; explicitFileType = wrapper.cfbundle; includeInIndex = 0; path = "Flick FinderUITests.xctest"; sourceTree = BUILT_PRODUCTS_DIR; };
		F4A230401C037B8B00378ADD /* Flick_FinderUITests.swift */ = {isa = PBXFileReference; lastKnownFileType = sourcecode.swift; path = Flick_FinderUITests.swift; sourceTree = "<group>"; };
		F4A230421C037B8B00378ADD /* Info.plist */ = {isa = PBXFileReference; lastKnownFileType = text.plist.xml; path = Info.plist; sourceTree = "<group>"; };
/* End PBXFileReference section */

/* Begin PBXFrameworksBuildPhase section */
		F4A2301A1C037B8A00378ADD /* Frameworks */ = {
			isa = PBXFrameworksBuildPhase;
			buildActionMask = 2147483647;
			files = (
			);
			runOnlyForDeploymentPostprocessing = 0;
		};
		F4A2302E1C037B8B00378ADD /* Frameworks */ = {
			isa = PBXFrameworksBuildPhase;
			buildActionMask = 2147483647;
			files = (
			);
			runOnlyForDeploymentPostprocessing = 0;
		};
		F4A230391C037B8B00378ADD /* Frameworks */ = {
			isa = PBXFrameworksBuildPhase;
			buildActionMask = 2147483647;
			files = (
			);
			runOnlyForDeploymentPostprocessing = 0;
		};
/* End PBXFrameworksBuildPhase section */

/* Begin PBXGroup section */
		F4A230141C037B8A00378ADD = {
			isa = PBXGroup;
			children = (
				F4A2301F1C037B8B00378ADD /* Flick Finder */,
				F4A230341C037B8B00378ADD /* Flick FinderTests */,
				F4A2303F1C037B8B00378ADD /* Flick FinderUITests */,
				F4A2301E1C037B8B00378ADD /* Products */,
			);
			sourceTree = "<group>";
		};
		F4A2301E1C037B8B00378ADD /* Products */ = {
			isa = PBXGroup;
			children = (
				F4A2301D1C037B8B00378ADD /* Flick Finder.app */,
				F4A230311C037B8B00378ADD /* Flick FinderTests.xctest */,
				F4A2303C1C037B8B00378ADD /* Flick FinderUITests.xctest */,
			);
			name = Products;
			sourceTree = "<group>";
		};
		F4A2301F1C037B8B00378ADD /* Flick Finder */ = {
			isa = PBXGroup;
			children = (
				F4A230201C037B8B00378ADD /* AppDelegate.swift */,
				F4A230221C037B8B00378ADD /* ViewController.swift */,
				F4A230241C037B8B00378ADD /* Main.storyboard */,
				F4A230271C037B8B00378ADD /* Assets.xcassets */,
				F4A230291C037B8B00378ADD /* LaunchScreen.storyboard */,
				F4A2302C1C037B8B00378ADD /* Info.plist */,
			);
			path = "Flick Finder";
			sourceTree = "<group>";
		};
		F4A230341C037B8B00378ADD /* Flick FinderTests */ = {
			isa = PBXGroup;
			children = (
				F4A230351C037B8B00378ADD /* Flick_FinderTests.swift */,
				F4A230371C037B8B00378ADD /* Info.plist */,
			);
			path = "Flick FinderTests";
			sourceTree = "<group>";
		};
		F4A2303F1C037B8B00378ADD /* Flick FinderUITests */ = {
			isa = PBXGroup;
			children = (
				F4A230401C037B8B00378ADD /* Flick_FinderUITests.swift */,
				F4A230421C037B8B00378ADD /* Info.plist */,
			);
			path = "Flick FinderUITests";
			sourceTree = "<group>";
		};
/* End PBXGroup section */

/* Begin PBXNativeTarget section */
		F4A2301C1C037B8A00378ADD /* Flick Finder */ = {
			isa = PBXNativeTarget;
			buildConfigurationList = F4A230451C037B8B00378ADD /* Build configuration list for PBXNativeTarget "Flick Finder" */;
			buildPhases = (
				F4A230191C037B8A00378ADD /* Sources */,
				F4A2301A1C037B8A00378ADD /* Frameworks */,
				F4A2301B1C037B8A00378ADD /* Resources */,
			);
			buildRules = (
			);
			dependencies = (
			);
			name = "Flick Finder";
			productName = "Flick Finder";
			productReference = F4A2301D1C037B8B00378ADD /* Flick Finder.app */;
			productType = "com.apple.product-type.application";
		};
		F4A230301C037B8B00378ADD /* Flick FinderTests */ = {
			isa = PBXNativeTarget;
			buildConfigurationList = F4A230481C037B8B00378ADD /* Build configuration list for PBXNativeTarget "Flick FinderTests" */;
			buildPhases = (
				F4A2302D1C037B8B00378ADD /* Sources */,
				F4A2302E1C037B8B00378ADD /* Frameworks */,
				F4A2302F1C037B8B00378ADD /* Resources */,
			);
			buildRules = (
			);
			dependencies = (
				F4A230331C037B8B00378ADD /* PBXTargetDependency */,
			);
			name = "Flick FinderTests";
			productName = "Flick FinderTests";
			productReference = F4A230311C037B8B00378ADD /* Flick FinderTests.xctest */;
			productType = "com.apple.product-type.bundle.unit-test";
		};
		F4A2303B1C037B8B00378ADD /* Flick FinderUITests */ = {
			isa = PBXNativeTarget;
			buildConfigurationList = F4A2304B1C037B8B00378ADD /* Build configuration list for PBXNativeTarget "Flick FinderUITests" */;
			buildPhases = (
				F4A230381C037B8B00378ADD /* Sources */,
				F4A230391C037B8B00378ADD /* Frameworks */,
				F4A2303A1C037B8B00378ADD /* Resources */,
			);
			buildRules = (
			);
			dependencies = (
				F4A2303E1C037B8B00378ADD /* PBXTargetDependency */,
			);
			name = "Flick FinderUITests";
			productName = "Flick FinderUITests";
			productReference = F4A2303C1C037B8B00378ADD /* Flick FinderUITests.xctest */;
			productType = "com.apple.product-type.bundle.ui-testing";
		};
/* End PBXNativeTarget section */

/* Begin PBXProject section */
		F4A230151C037B8A00378ADD /* Project object */ = {
			isa = PBXProject;
			attributes = {
				LastSwiftUpdateCheck = 0710;
				LastUpgradeCheck = 0710;
				ORGANIZATIONNAME = "Chacko Apps";
				TargetAttributes = {
					F4A2301C1C037B8A00378ADD = {
						CreatedOnToolsVersion = 7.1.1;
					};
					F4A230301C037B8B00378ADD = {
						CreatedOnToolsVersion = 7.1.1;
						TestTargetID = F4A2301C1C037B8A00378ADD;
					};
					F4A2303B1C037B8B00378ADD = {
						CreatedOnToolsVersion = 7.1.1;
						TestTargetID = F4A2301C1C037B8A00378ADD;
					};
				};
			};
			buildConfigurationList = F4A230181C037B8A00378ADD /* Build configuration list for PBXProject "Flick Finder" */;
			compatibilityVersion = "Xcode 3.2";
			developmentRegion = English;
			hasScannedForEncodings = 0;
			knownRegions = (
				en,
				Base,
			);
			mainGroup = F4A230141C037B8A00378ADD;
			productRefGroup = F4A2301E1C037B8B00378ADD /* Products */;
			projectDirPath = "";
			projectRoot = "";
			targets = (
				F4A2301C1C037B8A00378ADD /* Flick Finder */,
				F4A230301C037B8B00378ADD /* Flick FinderTests */,
				F4A2303B1C037B8B00378ADD /* Flick FinderUITests */,
			);
		};
/* End PBXProject section */

/* Begin PBXResourcesBuildPhase section */
		F4A2301B1C037B8A00378ADD /* Resources */ = {
			isa = PBXResourcesBuildPhase;
			buildActionMask = 2147483647;
			files = (
				F4A2302B1C037B8B00378ADD /* LaunchScreen.storyboard in Resources */,
				F4A230281C037B8B00378ADD /* Assets.xcassets in Resources */,
				F4A230261C037B8B00378ADD /* Main.storyboard in Resources */,
			);
			runOnlyForDeploymentPostprocessing = 0;
		};
		F4A2302F1C037B8B00378ADD /* Resources */ = {
			isa = PBXResourcesBuildPhase;
			buildActionMask = 2147483647;
			files = (
			);
			runOnlyForDeploymentPostprocessing = 0;
		};
		F4A2303A1C037B8B00378ADD /* Resources */ = {
			isa = PBXResourcesBuildPhase;
			buildActionMask = 2147483647;
			files = (
			);
			runOnlyForDeploymentPostprocessing = 0;
		};
/* End PBXResourcesBuildPhase section */

/* Begin PBXSourcesBuildPhase section */
		F4A230191C037B8A00378ADD /* Sources */ = {
			isa = PBXSourcesBuildPhase;
			buildActionMask = 2147483647;
			files = (
				F4A230231C037B8B00378ADD /* ViewController.swift in Sources */,
				F4A230211C037B8B00378ADD /* AppDelegate.swift in Sources */,
			);
			runOnlyForDeploymentPostprocessing = 0;
		};
		F4A2302D1C037B8B00378ADD /* Sources */ = {
			isa = PBXSourcesBuildPhase;
			buildActionMask = 2147483647;
			files = (
				F4A230361C037B8B00378ADD /* Flick_FinderTests.swift in Sources */,
			);
			runOnlyForDeploymentPostprocessing = 0;
		};
		F4A230381C037B8B00378ADD /* Sources */ = {
			isa = PBXSourcesBuildPhase;
			buildActionMask = 2147483647;
			files = (
				F4A230411C037B8B00378ADD /* Flick_FinderUITests.swift in Sources */,
			);
			runOnlyForDeploymentPostprocessing = 0;
		};
/* End PBXSourcesBuildPhase section */

/* Begin PBXTargetDependency section */
		F4A230331C037B8B00378ADD /* PBXTargetDependency */ = {
			isa = PBXTargetDependency;
			target = F4A2301C1C037B8A00378ADD /* Flick Finder */;
			targetProxy = F4A230321C037B8B00378ADD /* PBXContainerItemProxy */;
		};
		F4A2303E1C037B8B00378ADD /* PBXTargetDependency */ = {
			isa = PBXTargetDependency;
			target = F4A2301C1C037B8A00378ADD /* Flick Finder */;
			targetProxy = F4A2303D1C037B8B00378ADD /* PBXContainerItemProxy */;
		};
/* End PBXTargetDependency section */

/* Begin PBXVariantGroup section */
		F4A230241C037B8B00378ADD /* Main.storyboard */ = {
			isa = PBXVariantGroup;
			children = (
				F4A230251C037B8B00378ADD /* Base */,
			);
			name = Main.storyboard;
			sourceTree = "<group>";
		};
		F4A230291C037B8B00378ADD /* LaunchScreen.storyboard */ = {
			isa = PBXVariantGroup;
			children = (
				F4A2302A1C037B8B00378ADD /* Base */,
			);
			name = LaunchScreen.storyboard;
			sourceTree = "<group>";
		};
/* End PBXVariantGroup section */

/* Begin XCBuildConfiguration section */
		F4A230431C037B8B00378ADD /* Debug */ = {
			isa = XCBuildConfiguration;
			buildSettings = {
				ALWAYS_SEARCH_USER_PATHS = NO;
				CLANG_CXX_LANGUAGE_STANDARD = "gnu++0x";
				CLANG_CXX_LIBRARY = "libc++";
				CLANG_ENABLE_MODULES = YES;
				CLANG_ENABLE_OBJC_ARC = YES;
				CLANG_WARN_BOOL_CONVERSION = YES;
				CLANG_WARN_CONSTANT_CONVERSION = YES;
				CLANG_WARN_DIRECT_OBJC_ISA_USAGE = YES_ERROR;
				CLANG_WARN_EMPTY_BODY = YES;
				CLANG_WARN_ENUM_CONVERSION = YES;
				CLANG_WARN_INT_CONVERSION = YES;
				CLANG_WARN_OBJC_ROOT_CLASS = YES_ERROR;
				CLANG_WARN_UNREACHABLE_CODE = YES;
				CLANG_WARN__DUPLICATE_METHOD_MATCH = YES;
				"CODE_SIGN_IDENTITY[sdk=iphoneos*]" = "iPhone Developer";
				COPY_PHASE_STRIP = NO;
				DEBUG_INFORMATION_FORMAT = dwarf;
				ENABLE_STRICT_OBJC_MSGSEND = YES;
				ENABLE_TESTABILITY = YES;
				GCC_C_LANGUAGE_STANDARD = gnu99;
				GCC_DYNAMIC_NO_PIC = NO;
				GCC_NO_COMMON_BLOCKS = YES;
				GCC_OPTIMIZATION_LEVEL = 0;
				GCC_PREPROCESSOR_DEFINITIONS = (
					"DEBUG=1",
					"$(inherited)",
				);
				GCC_WARN_64_TO_32_BIT_CONVERSION = YES;
				GCC_WARN_ABOUT_RETURN_TYPE = YES_ERROR;
				GCC_WARN_UNDECLARED_SELECTOR = YES;
				GCC_WARN_UNINITIALIZED_AUTOS = YES_AGGRESSIVE;
				GCC_WARN_UNUSED_FUNCTION = YES;
				GCC_WARN_UNUSED_VARIABLE = YES;
				IPHONEOS_DEPLOYMENT_TARGET = 9.1;
				MTL_ENABLE_DEBUG_INFO = YES;
				ONLY_ACTIVE_ARCH = YES;
				SDKROOT = iphoneos;
				SWIFT_OPTIMIZATION_LEVEL = "-Onone";
				TARGETED_DEVICE_FAMILY = "1,2";
			};
			name = Debug;
		};
		F4A230441C037B8B00378ADD /* Release */ = {
			isa = XCBuildConfiguration;
			buildSettings = {
				ALWAYS_SEARCH_USER_PATHS = NO;
				CLANG_CXX_LANGUAGE_STANDARD = "gnu++0x";
				CLANG_CXX_LIBRARY = "libc++";
				CLANG_ENABLE_MODULES = YES;
				CLANG_ENABLE_OBJC_ARC = YES;
				CLANG_WARN_BOOL_CONVERSION = YES;
				CLANG_WARN_CONSTANT_CONVERSION = YES;
				CLANG_WARN_DIRECT_OBJC_ISA_USAGE = YES_ERROR;
				CLANG_WARN_EMPTY_BODY = YES;
				CLANG_WARN_ENUM_CONVERSION = YES;
				CLANG_WARN_INT_CONVERSION = YES;
				CLANG_WARN_OBJC_ROOT_CLASS = YES_ERROR;
				CLANG_WARN_UNREACHABLE_CODE = YES;
				CLANG_WARN__DUPLICATE_METHOD_MATCH = YES;
				"CODE_SIGN_IDENTITY[sdk=iphoneos*]" = "iPhone Developer";
				COPY_PHASE_STRIP = NO;
				DEBUG_INFORMATION_FORMAT = "dwarf-with-dsym";
				ENABLE_NS_ASSERTIONS = NO;
				ENABLE_STRICT_OBJC_MSGSEND = YES;
				GCC_C_LANGUAGE_STANDARD = gnu99;
				GCC_NO_COMMON_BLOCKS = YES;
				GCC_WARN_64_TO_32_BIT_CONVERSION = YES;
				GCC_WARN_ABOUT_RETURN_TYPE = YES_ERROR;
				GCC_WARN_UNDECLARED_SELECTOR = YES;
				GCC_WARN_UNINITIALIZED_AUTOS = YES_AGGRESSIVE;
				GCC_WARN_UNUSED_FUNCTION = YES;
				GCC_WARN_UNUSED_VARIABLE = YES;
				IPHONEOS_DEPLOYMENT_TARGET = 9.1;
				MTL_ENABLE_DEBUG_INFO = NO;
				SDKROOT = iphoneos;
				TARGETED_DEVICE_FAMILY = "1,2";
				VALIDATE_PRODUCT = YES;
			};
			name = Release;
		};
		F4A230461C037B8B00378ADD /* Debug */ = {
			isa = XCBuildConfiguration;
			buildSettings = {
				ASSETCATALOG_COMPILER_APPICON_NAME = AppIcon;
				INFOPLIST_FILE = "Flick Finder/Info.plist";
				LD_RUNPATH_SEARCH_PATHS = "$(inherited) @executable_path/Frameworks";
				PRODUCT_BUNDLE_IDENTIFIER = "com.chackoapps.Flick-Finder";
				PRODUCT_NAME = "$(TARGET_NAME)";
			};
			name = Debug;
		};
		F4A230471C037B8B00378ADD /* Release */ = {
			isa = XCBuildConfiguration;
			buildSettings = {
				ASSETCATALOG_COMPILER_APPICON_NAME = AppIcon;
				INFOPLIST_FILE = "Flick Finder/Info.plist";
				LD_RUNPATH_SEARCH_PATHS = "$(inherited) @executable_path/Frameworks";
				PRODUCT_BUNDLE_IDENTIFIER = "com.chackoapps.Flick-Finder";
				PRODUCT_NAME = "$(TARGET_NAME)";
			};
			name = Release;
		};
		F4A230491C037B8B00378ADD /* Debug */ = {
			isa = XCBuildConfiguration;
			buildSettings = {
				BUNDLE_LOADER = "$(TEST_HOST)";
				INFOPLIST_FILE = "Flick FinderTests/Info.plist";
				LD_RUNPATH_SEARCH_PATHS = "$(inherited) @executable_path/Frameworks @loader_path/Frameworks";
				PRODUCT_BUNDLE_IDENTIFIER = "com.chackoapps.Flick-FinderTests";
				PRODUCT_NAME = "$(TARGET_NAME)";
				TEST_HOST = "$(BUILT_PRODUCTS_DIR)/Flick Finder.app/Flick Finder";
			};
			name = Debug;
		};
		F4A2304A1C037B8B00378ADD /* Release */ = {
			isa = XCBuildConfiguration;
			buildSettings = {
				BUNDLE_LOADER = "$(TEST_HOST)";
				INFOPLIST_FILE = "Flick FinderTests/Info.plist";
				LD_RUNPATH_SEARCH_PATHS = "$(inherited) @executable_path/Frameworks @loader_path/Frameworks";
				PRODUCT_BUNDLE_IDENTIFIER = "com.chackoapps.Flick-FinderTests";
				PRODUCT_NAME = "$(TARGET_NAME)";
				TEST_HOST = "$(BUILT_PRODUCTS_DIR)/Flick Finder.app/Flick Finder";
			};
			name = Release;
		};
		F4A2304C1C037B8B00378ADD /* Debug */ = {
			isa = XCBuildConfiguration;
			buildSettings = {
				INFOPLIST_FILE = "Flick FinderUITests/Info.plist";
				LD_RUNPATH_SEARCH_PATHS = "$(inherited) @executable_path/Frameworks @loader_path/Frameworks";
				PRODUCT_BUNDLE_IDENTIFIER = "com.chackoapps.Flick-FinderUITests";
				PRODUCT_NAME = "$(TARGET_NAME)";
				TEST_TARGET_NAME = "Flick Finder";
				USES_XCTRUNNER = YES;
			};
			name = Debug;
		};
		F4A2304D1C037B8B00378ADD /* Release */ = {
			isa = XCBuildConfiguration;
			buildSettings = {
				INFOPLIST_FILE = "Flick FinderUITests/Info.plist";
				LD_RUNPATH_SEARCH_PATHS = "$(inherited) @executable_path/Frameworks @loader_path/Frameworks";
				PRODUCT_BUNDLE_IDENTIFIER = "com.chackoapps.Flick-FinderUITests";
				PRODUCT_NAME = "$(TARGET_NAME)";
				TEST_TARGET_NAME = "Flick Finder";
				USES_XCTRUNNER = YES;
			};
			name = Release;
		};
/* End XCBuildConfiguration section */

/* Begin XCConfigurationList section */
		F4A230181C037B8A00378ADD /* Build configuration list for PBXProject "Flick Finder" */ = {
			isa = XCConfigurationList;
			buildConfigurations = (
				F4A230431C037B8B00378ADD /* Debug */,
				F4A230441C037B8B00378ADD /* Release */,
			);
			defaultConfigurationIsVisible = 0;
			defaultConfigurationName = Release;
		};
		F4A230451C037B8B00378ADD /* Build configuration list for PBXNativeTarget "Flick Finder" */ = {
			isa = XCConfigurationList;
			buildConfigurations = (
				F4A230461C037B8B00378ADD /* Debug */,
				F4A230471C037B8B00378ADD /* Release */,
			);
			defaultConfigurationIsVisible = 0;
		};
		F4A230481C037B8B00378ADD /* Build configuration list for PBXNativeTarget "Flick FinderTests" */ = {
			isa = XCConfigurationList;
			buildConfigurations = (
				F4A230491C037B8B00378ADD /* Debug */,
				F4A2304A1C037B8B00378ADD /* Release */,
			);
			defaultConfigurationIsVisible = 0;
		};
		F4A2304B1C037B8B00378ADD /* Build configuration list for PBXNativeTarget "Flick FinderUITests" */ = {
			isa = XCConfigurationList;
			buildConfigurations = (
				F4A2304C1C037B8B00378ADD /* Debug */,
				F4A2304D1C037B8B00378ADD /* Release */,
			);
			defaultConfigurationIsVisible = 0;
		};
/* End XCConfigurationList section */
	};
	rootObject = F4A230151C037B8A00378ADD /* Project object */;
}
